
Microsoft Visual Studio Solution File, Format Version 12.00
# Visual Studio 15
VisualStudioVersion = 15.0.27703.2000
MinimumVisualStudioVersion = 10.0.40219.1
Project("{FAE04EC0-301F-11D3-BF4B-00C04F79EFBC}") = "MyWebApp", "WebApplication1\MyWebApp.csproj", "{46D07D52-F33C-4F90-A00E-06D636532D0F}"
EndProject
Global
	GlobalSection(SolutionConfigurationPlatforms) = preSolution
		Debug|Any CPU = Debug|Any CPU
		Release|Any CPU = Release|Any CPU
	EndGlobalSection
	GlobalSection(ProjectConfigurationPlatforms) = postSolution
		{46D07D52-F33C-4F90-A00E-06D636532D0F}.Debug|Any CPU.ActiveCfg = Debug|Any CPU
		{46D07D52-F33C-4F90-A00E-06D636532D0F}.Debug|Any CPU.Build.0 = Debug|Any CPU
		{46D07D52-F33C-4F90-A00E-06D636532D0F}.Release|Any CPU.ActiveCfg = Release|Any CPU
		{46D07D52-F33C-4F90-A00E-06D636532D0F}.Release|Any CPU.Build.0 = Release|Any CPU
	EndGlobalSection
	GlobalSection(SolutionProperties) = preSolution
		HideSolutionNode = FALSE
	EndGlobalSection
	GlobalSection(ExtensibilityGlobals) = postSolution
		SolutionGuid = {F71CFBCA-39EE-4BFF-93A1-DA83E2239DC0}
	EndGlobalSection
EndGlobal
